
Microsoft Visual Studio Solution File, Format Version 12.00
# Visual Studio Version 17
VisualStudioVersion = 17.10.35027.167
MinimumVisualStudioVersion = 10.0.40219.1
Project("{8BC9CEB8-8B4A-11D0-8D11-00A0C91BC942}") = "Print", "Print\Print.vcxproj", "{9B069ADC-F0BE-40CA-97F9-5FECD83D66AA}"
EndProject
Global
	GlobalSection(SolutionConfigurationPlatforms) = preSolution
		Debug|x64 = Debug|x64
		Debug|x86 = Debug|x86
		Release|x64 = Release|x64
		Release|x86 = Release|x86
	EndGlobalSection
	GlobalSection(ProjectConfigurationPlatforms) = postSolution
		{9B069ADC-F0BE-40CA-97F9-5FECD83D66AA}.Debug|x64.ActiveCfg = Debug|x64
		{9B069ADC-F0BE-40CA-97F9-5FECD83D66AA}.Debug|x64.Build.0 = Debug|x64
		{9B069ADC-F0BE-40CA-97F9-5FECD83D66AA}.Debug|x86.ActiveCfg = Debug|Win32
		{9B069ADC-F0BE-40CA-97F9-5FECD83D66AA}.Debug|x86.Build.0 = Debug|Win32
		{9B069ADC-F0BE-40CA-97F9-5FECD83D66AA}.Release|x64.ActiveCfg = Release|x64
		{9B069ADC-F0BE-40CA-97F9-5FECD83D66AA}.Release|x64.Build.0 = Release|x64
		{9B069ADC-F0BE-40CA-97F9-5FECD83D66AA}.Release|x86.ActiveCfg = Release|Win32
		{9B069ADC-F0BE-40CA-97F9-5FECD83D66AA}.Release|x86.Build.0 = Release|Win32
	EndGlobalSection
	GlobalSection(SolutionProperties) = preSolution
		HideSolutionNode = FALSE
	EndGlobalSection
	GlobalSection(ExtensibilityGlobals) = postSolution
		SolutionGuid = {A6C3F5E6-5547-491F-81DD-80C80681A7B9}
	EndGlobalSection
EndGlobal
